<?xml version="1.0" encoding="utf-8"?>
<Project ToolsVersion="4.0" xmlns="http://schemas.microsoft.com/developer/msbuild/2003">
  <ItemGroup>
    <Filter Include="includes">
      <UniqueIdentifier>{fb88f64b-351a-4728-9614-90670321aa7f}</UniqueIdentifier>
    </Filter>
    <Filter Include="src">
      <UniqueIdentifier>{1d1b4211-7be8-411d-ac80-5773453d522f}</UniqueIdentifier>
    </Filter>
  </ItemGroup>
  <ItemGroup>
    <ClInclude Include="..\..\libdom\includes\expat.hpp">
      <Filter>includes</Filter>
    </ClInclude>
    <ClInclude Include="..\..\libdom\includes\dom_xpath.hpp">
      <Filter>includes</Filter>
    </ClInclude>
    <ClInclude Include="..\..\libdom\includes\dom.hpp">
      <Filter>includes</Filter>
    </ClInclude>
  </ItemGroup>
  <ItemGroup>
    <ClCompile Include="..\..\libdom\src\dom_xpath.cpp">
      <Filter>src</Filter>
    </ClCompile>
    <ClCompile Include="..\..\libdom\src\dom.cpp">
      <Filter>src</Filter>
    </ClCompile>
  </ItemGroup>
</Project>