<?xml version="1.0" encoding="utf-8"?>
<Project ToolsVersion="4.0" xmlns="http://schemas.microsoft.com/developer/msbuild/2003">
  <ItemGroup>
    <Filter Include="src">
      <UniqueIdentifier>{739383a5-d331-41ee-80ee-0f2c6a6ccfe4}</UniqueIdentifier>
    </Filter>
    <Filter Include="includes">
      <UniqueIdentifier>{123037d5-267f-4caa-9c8e-0493afb2eb3f}</UniqueIdentifier>
    </Filter>
    <Filter Include="pch">
      <UniqueIdentifier>{4d4076c9-832d-401a-b58c-0d94f6af340c}</UniqueIdentifier>
    </Filter>
    <Filter Include="configs">
      <UniqueIdentifier>{a42900d5-d21f-4b32-9b3a-0385e009c013}</UniqueIdentifier>
    </Filter>
  </ItemGroup>
  <ItemGroup>
    <ClCompile Include="..\..\libmediaserver\pch\pch.cpp">
      <Filter>pch</Filter>
    </ClCompile>
  </ItemGroup>
  <ItemGroup>
    <ClInclude Include="..\..\libmediaserver\pch\pch.h">
      <Filter>pch</Filter>
    </ClInclude>
    <ClInclude Include="..\..\libmediaserver\includes\directory.hpp">
      <Filter>includes</Filter>
    </ClInclude>
    <ClInclude Include="..\..\libmediaserver\includes\manager.hpp">
      <Filter>includes</Filter>
    </ClInclude>
    <ClInclude Include="..\..\libmediaserver\includes\directory.ipp">
      <Filter>includes</Filter>
    </ClInclude>
    <ClInclude Include="..\..\libmediaserver\includes\manager.ipp">
      <Filter>includes</Filter>
    </ClInclude>
  </ItemGroup>
  <ItemGroup>
    <CustomBuild Include="..\..\libmediaserver\configs\directory.spcd">
      <Filter>configs</Filter>
    </CustomBuild>
    <CustomBuild Include="..\..\libmediaserver\configs\manager.spcd">
      <Filter>configs</Filter>
    </CustomBuild>
  </ItemGroup>
</Project>